
Microsoft Visual Studio Solution File, Format Version 12.00
# Visual Studio 15
VisualStudioVersion = 15.0.26430.16
MinimumVisualStudioVersion = 10.0.40219.1
Project("{FAE04EC0-301F-11D3-BF4B-00C04F79EFBC}") = "Mvc1", "Mvc1\Mvc1.csproj", "{C0144BB2-7F1A-4D5F-84E3-7E8D785D633C}"
EndProject
Project("{FAE04EC0-301F-11D3-BF4B-00C04F79EFBC}") = "ClassLibrary1", "..\..\Entity classes\ConsoleApp1\ClassLibrary1\ClassLibrary1.csproj", "{D2BB6384-D252-49B4-A594-92232185CECD}"
EndProject
Global
	GlobalSection(SolutionConfigurationPlatforms) = preSolution
		Debug|Any CPU = Debug|Any CPU
		Release|Any CPU = Release|Any CPU
	EndGlobalSection
	GlobalSection(ProjectConfigurationPlatforms) = postSolution
		{C0144BB2-7F1A-4D5F-84E3-7E8D785D633C}.Debug|Any CPU.ActiveCfg = Debug|Any CPU
		{C0144BB2-7F1A-4D5F-84E3-7E8D785D633C}.Debug|Any CPU.Build.0 = Debug|Any CPU
		{C0144BB2-7F1A-4D5F-84E3-7E8D785D633C}.Release|Any CPU.ActiveCfg = Release|Any CPU
		{C0144BB2-7F1A-4D5F-84E3-7E8D785D633C}.Release|Any CPU.Build.0 = Release|Any CPU
		{D2BB6384-D252-49B4-A594-92232185CECD}.Debug|Any CPU.ActiveCfg = Debug|Any CPU
		{D2BB6384-D252-49B4-A594-92232185CECD}.Debug|Any CPU.Build.0 = Debug|Any CPU
		{D2BB6384-D252-49B4-A594-92232185CECD}.Release|Any CPU.ActiveCfg = Release|Any CPU
		{D2BB6384-D252-49B4-A594-92232185CECD}.Release|Any CPU.Build.0 = Release|Any CPU
	EndGlobalSection
	GlobalSection(SolutionProperties) = preSolution
		HideSolutionNode = FALSE
	EndGlobalSection
EndGlobal
